
Microsoft Visual Studio Solution File, Format Version 12.00
# Visual Studio Version 16
VisualStudioVersion = 16.0.29806.167
MinimumVisualStudioVersion = 10.0.40219.1
Project("{FAE04EC0-301F-11D3-BF4B-00C04F79EFBC}") = "counterMVC", "countermvc\counterMVC.csproj", "{BF2318EB-872E-4481-9BEB-583F1EB0254A}"
EndProject
Project("{FAE04EC0-301F-11D3-BF4B-00C04F79EFBC}") = "counterRazor", "counterRazor\counterRazor.csproj", "{048A3444-834D-4F57-8C6B-136E9766346F}"
EndProject
Project("{FAE04EC0-301F-11D3-BF4B-00C04F79EFBC}") = "counterBlazor", "counterBlazor\counterBlazor.csproj", "{6D19DA30-D6D6-4442-88B0-6BE7B3024052}"
EndProject
Global
	GlobalSection(SolutionConfigurationPlatforms) = preSolution
		Debug|Any CPU = Debug|Any CPU
		Release|Any CPU = Release|Any CPU
	EndGlobalSection
	GlobalSection(ProjectConfigurationPlatforms) = postSolution
		{BF2318EB-872E-4481-9BEB-583F1EB0254A}.Debug|Any CPU.ActiveCfg = Debug|Any CPU
		{BF2318EB-872E-4481-9BEB-583F1EB0254A}.Debug|Any CPU.Build.0 = Debug|Any CPU
		{BF2318EB-872E-4481-9BEB-583F1EB0254A}.Release|Any CPU.ActiveCfg = Release|Any CPU
		{BF2318EB-872E-4481-9BEB-583F1EB0254A}.Release|Any CPU.Build.0 = Release|Any CPU
		{048A3444-834D-4F57-8C6B-136E9766346F}.Debug|Any CPU.ActiveCfg = Debug|Any CPU
		{048A3444-834D-4F57-8C6B-136E9766346F}.Debug|Any CPU.Build.0 = Debug|Any CPU
		{048A3444-834D-4F57-8C6B-136E9766346F}.Release|Any CPU.ActiveCfg = Release|Any CPU
		{048A3444-834D-4F57-8C6B-136E9766346F}.Release|Any CPU.Build.0 = Release|Any CPU
		{6D19DA30-D6D6-4442-88B0-6BE7B3024052}.Debug|Any CPU.ActiveCfg = Debug|Any CPU
		{6D19DA30-D6D6-4442-88B0-6BE7B3024052}.Debug|Any CPU.Build.0 = Debug|Any CPU
		{6D19DA30-D6D6-4442-88B0-6BE7B3024052}.Release|Any CPU.ActiveCfg = Release|Any CPU
		{6D19DA30-D6D6-4442-88B0-6BE7B3024052}.Release|Any CPU.Build.0 = Release|Any CPU
	EndGlobalSection
	GlobalSection(SolutionProperties) = preSolution
		HideSolutionNode = FALSE
	EndGlobalSection
	GlobalSection(ExtensibilityGlobals) = postSolution
		SolutionGuid = {E4FEB368-8B33-49EE-BF47-4A7EC61FD776}
	EndGlobalSection
EndGlobal
